
Microsoft Visual Studio Solution File, Format Version 12.00
# Visual Studio Version 16
VisualStudioVersion = 16.0.29613.14
MinimumVisualStudioVersion = 10.0.40219.1
Project("{FAE04EC0-301F-11D3-BF4B-00C04F79EFBC}") = "FirstApp", "FirstApp\FirstApp.csproj", "{9C69F995-9D6C-474C-A9C2-D49ED9B1FC1E}"
EndProject
Global
	GlobalSection(SolutionConfigurationPlatforms) = preSolution
		Debug|Any CPU = Debug|Any CPU
		Release|Any CPU = Release|Any CPU
	EndGlobalSection
	GlobalSection(ProjectConfigurationPlatforms) = postSolution
		{9C69F995-9D6C-474C-A9C2-D49ED9B1FC1E}.Debug|Any CPU.ActiveCfg = Debug|Any CPU
		{9C69F995-9D6C-474C-A9C2-D49ED9B1FC1E}.Debug|Any CPU.Build.0 = Debug|Any CPU
		{9C69F995-9D6C-474C-A9C2-D49ED9B1FC1E}.Release|Any CPU.ActiveCfg = Release|Any CPU
		{9C69F995-9D6C-474C-A9C2-D49ED9B1FC1E}.Release|Any CPU.Build.0 = Release|Any CPU
	EndGlobalSection
	GlobalSection(SolutionProperties) = preSolution
		HideSolutionNode = FALSE
	EndGlobalSection
	GlobalSection(ExtensibilityGlobals) = postSolution
		SolutionGuid = {EC345BAC-0A68-4865-AD7C-701D2E5D96AB}
	EndGlobalSection
EndGlobal
